{
  "name": "mq",
  "version": "2019.5.11",
  "lockfileVersion": 1,
  "requires": true,
  "dependencies": {
    "t3st": {
      "version": "2019.4.8",
      "resolved": "https://registry.npmjs.org/t3st/-/t3st-2019.4.8.tgz",
      "integrity": "sha512-OfaYI6hKK1+bIWb3J/Jiei24dlc+jyUVsFnwjMORWHLNnlgO2WuUbn0+AxQs8+WreQv5SEX7enCxTVfj7zRyCg=="
    }
  }
}
