{
  "name": "ampq",
  "version": "2019.5.11",
  "lockfileVersion": 1,
  "requires": true,
  "dependencies": {
    "t3st": {
      "version": "2019.9.12",
      "resolved": "https://registry.npmjs.org/t3st/-/t3st-2019.9.12.tgz",
      "integrity": "sha512-mcWm9/0yuY7ARNM8p5XNfFslbmHRFi7+RadrnUa18wcsDBMHTroxv5s+voiS6eMRswlMziflcJutqZhiFgH1RQ==",
      "dev": true
    }
  }
}
